// !$*UTF8*$!
{
	archiveVersion = 1;
	classes = {
	};
	objectVersion = 77;
	objects = {

/* Begin PBXContainerItemProxy section */
		8FF483242D7911A600260AEF /* PBXContainerItemProxy */ = {
			isa = PBXContainerItemProxy;
			containerPortal = 8FF4830B2D7911A300260AEF /* Project object */;
			proxyType = 1;
			remoteGlobalIDString = 8FF483122D7911A300260AEF;
			remoteInfo = FlipCam;
		};
		8FF4832E2D7911A600260AEF /* PBXContainerItemProxy */ = {
			isa = PBXContainerItemProxy;
			containerPortal = 8FF4830B2D7911A300260AEF /* Project object */;
			proxyType = 1;
			remoteGlobalIDString = 8FF483122D7911A300260AEF;
			remoteInfo = FlipCam;
		};
/* End PBXContainerItemProxy section */

/* Begin PBXFileReference section */
		8FF483132D7911A300260AEF /* FlipCam.app */ = {isa = PBXFileReference; explicitFileType = wrapper.application; includeInIndex = 0; path = FlipCam.app; sourceTree = BUILT_PRODUCTS_DIR; };
		8FF483232D7911A600260AEF /* FlipCamTests.xctest */ = {isa = PBXFileReference; explicitFileType = wrapper.cfbundle; includeInIndex = 0; path = FlipCamTests.xctest; sourceTree = BUILT_PRODUCTS_DIR; };
		8FF4832D2D7911A600260AEF /* FlipCamUITests.xctest */ = {isa = PBXFileReference; explicitFileType = wrapper.cfbundle; includeInIndex = 0; path = FlipCamUITests.xctest; sourceTree = BUILT_PRODUCTS_DIR; };
/* End PBXFileReference section */

/* Begin PBXFileSystemSynchronizedBuildFileExceptionSet section */
		8F90415A2D825CFC00B4E3BA /* Exceptions for "FlipCam" folder in "FlipCam" target */ = {
			isa = PBXFileSystemSynchronizedBuildFileExceptionSet;
			membershipExceptions = (
				Info.plist,
			);
			target = 8FF483122D7911A300260AEF /* FlipCam */;
		};
/* End PBXFileSystemSynchronizedBuildFileExceptionSet section */

/* Begin PBXFileSystemSynchronizedRootGroup section */
		8FF483152D7911A300260AEF /* FlipCam */ = {
			isa = PBXFileSystemSynchronizedRootGroup;
			exceptions = (
				8F90415A2D825CFC00B4E3BA /* Exceptions for "FlipCam" folder in "FlipCam" target */,
			);
			path = FlipCam;
			sourceTree = "<group>";
		};
		8FF483262D7911A600260AEF /* FlipCamTests */ = {
			isa = PBXFileSystemSynchronizedRootGroup;
			path = FlipCamTests;
			sourceTree = "<group>";
		};
		8FF483302D7911A600260AEF /* FlipCamUITests */ = {
			isa = PBXFileSystemSynchronizedRootGroup;
			path = FlipCamUITests;
			sourceTree = "<group>";
		};
/* End PBXFileSystemSynchronizedRootGroup section */

/* Begin PBXFrameworksBuildPhase section */
		8FF483102D7911A300260AEF /* Frameworks */ = {
			isa = PBXFrameworksBuildPhase;
			buildActionMask = 2147483647;
			files = (
			);
			runOnlyForDeploymentPostprocessing = 0;
		};
		8FF483202D7911A600260AEF /* Frameworks */ = {
			isa = PBXFrameworksBuildPhase;
			buildActionMask = 2147483647;
			files = (
			);
			runOnlyForDeploymentPostprocessing = 0;
		};
		8FF4832A2D7911A600260AEF /* Frameworks */ = {
			isa = PBXFrameworksBuildPhase;
			buildActionMask = 2147483647;
			files = (
			);
			runOnlyForDeploymentPostprocessing = 0;
		};
/* End PBXFrameworksBuildPhase section */

/* Begin PBXGroup section */
		8FF4830A2D7911A300260AEF = {
			isa = PBXGroup;
			children = (
				8FF483152D7911A300260AEF /* FlipCam */,
				8FF483262D7911A600260AEF /* FlipCamTests */,
				8FF483302D7911A600260AEF /* FlipCamUITests */,
				8FF483142D7911A300260AEF /* Products */,
			);
			sourceTree = "<group>";
		};
		8FF483142D7911A300260AEF /* Products */ = {
			isa = PBXGroup;
			children = (
				8FF483132D7911A300260AEF /* FlipCam.app */,
				8FF483232D7911A600260AEF /* FlipCamTests.xctest */,
				8FF4832D2D7911A600260AEF /* FlipCamUITests.xctest */,
			);
			name = Products;
			sourceTree = "<group>";
		};
/* End PBXGroup section */

/* Begin PBXNativeTarget section */
		8FF483122D7911A300260AEF /* FlipCam */ = {
			isa = PBXNativeTarget;
			buildConfigurationList = 8FF483372D7911A600260AEF /* Build configuration list for PBXNativeTarget "FlipCam" */;
			buildPhases = (
				8FF4830F2D7911A300260AEF /* Sources */,
				8FF483102D7911A300260AEF /* Frameworks */,
				8FF483112D7911A300260AEF /* Resources */,
				8F4DD27F2D79E4290044ED59 /* Swiftlint Script */,
			);
			buildRules = (
			);
			dependencies = (
			);
			fileSystemSynchronizedGroups = (
				8FF483152D7911A300260AEF /* FlipCam */,
			);
			name = FlipCam;
			packageProductDependencies = (
			);
			productName = FlipCam;
			productReference = 8FF483132D7911A300260AEF /* FlipCam.app */;
			productType = "com.apple.product-type.application";
		};
		8FF483222D7911A600260AEF /* FlipCamTests */ = {
			isa = PBXNativeTarget;
			buildConfigurationList = 8FF4833A2D7911A600260AEF /* Build configuration list for PBXNativeTarget "FlipCamTests" */;
			buildPhases = (
				8FF4831F2D7911A600260AEF /* Sources */,
				8FF483202D7911A600260AEF /* Frameworks */,
				8FF483212D7911A600260AEF /* Resources */,
			);
			buildRules = (
			);
			dependencies = (
				8FF483252D7911A600260AEF /* PBXTargetDependency */,
			);
			fileSystemSynchronizedGroups = (
				8FF483262D7911A600260AEF /* FlipCamTests */,
			);
			name = FlipCamTests;
			packageProductDependencies = (
			);
			productName = FlipCamTests;
			productReference = 8FF483232D7911A600260AEF /* FlipCamTests.xctest */;
			productType = "com.apple.product-type.bundle.unit-test";
		};
		8FF4832C2D7911A600260AEF /* FlipCamUITests */ = {
			isa = PBXNativeTarget;
			buildConfigurationList = 8FF4833D2D7911A600260AEF /* Build configuration list for PBXNativeTarget "FlipCamUITests" */;
			buildPhases = (
				8FF483292D7911A600260AEF /* Sources */,
				8FF4832A2D7911A600260AEF /* Frameworks */,
				8FF4832B2D7911A600260AEF /* Resources */,
			);
			buildRules = (
			);
			dependencies = (
				8FF4832F2D7911A600260AEF /* PBXTargetDependency */,
			);
			fileSystemSynchronizedGroups = (
				8FF483302D7911A600260AEF /* FlipCamUITests */,
			);
			name = FlipCamUITests;
			packageProductDependencies = (
			);
			productName = FlipCamUITests;
			productReference = 8FF4832D2D7911A600260AEF /* FlipCamUITests.xctest */;
			productType = "com.apple.product-type.bundle.ui-testing";
		};
/* End PBXNativeTarget section */

/* Begin PBXProject section */
		8FF4830B2D7911A300260AEF /* Project object */ = {
			isa = PBXProject;
			attributes = {
				BuildIndependentTargetsInParallel = 1;
				LastSwiftUpdateCheck = 1610;
				LastUpgradeCheck = 1610;
				TargetAttributes = {
					8FF483122D7911A300260AEF = {
						CreatedOnToolsVersion = 16.1;
					};
					8FF483222D7911A600260AEF = {
						CreatedOnToolsVersion = 16.1;
						TestTargetID = 8FF483122D7911A300260AEF;
					};
					8FF4832C2D7911A600260AEF = {
						CreatedOnToolsVersion = 16.1;
						TestTargetID = 8FF483122D7911A300260AEF;
					};
				};
			};
			buildConfigurationList = 8FF4830E2D7911A300260AEF /* Build configuration list for PBXProject "FlipCam" */;
			developmentRegion = en;
			hasScannedForEncodings = 0;
			knownRegions = (
				en,
				Base,
			);
			mainGroup = 8FF4830A2D7911A300260AEF;
			minimizedProjectReferenceProxies = 1;
			packageReferences = (
				8F4DD27E2D79E2970044ED59 /* XCRemoteSwiftPackageReference "SwiftLint" */,
			);
			preferredProjectObjectVersion = 77;
			productRefGroup = 8FF483142D7911A300260AEF /* Products */;
			projectDirPath = "";
			projectRoot = "";
			targets = (
				8FF483122D7911A300260AEF /* FlipCam */,
				8FF483222D7911A600260AEF /* FlipCamTests */,
				8FF4832C2D7911A600260AEF /* FlipCamUITests */,
			);
		};
/* End PBXProject section */

/* Begin PBXResourcesBuildPhase section */
		8FF483112D7911A300260AEF /* Resources */ = {
			isa = PBXResourcesBuildPhase;
			buildActionMask = 2147483647;
			files = (
			);
			runOnlyForDeploymentPostprocessing = 0;
		};
		8FF483212D7911A600260AEF /* Resources */ = {
			isa = PBXResourcesBuildPhase;
			buildActionMask = 2147483647;
			files = (
			);
			runOnlyForDeploymentPostprocessing = 0;
		};
		8FF4832B2D7911A600260AEF /* Resources */ = {
			isa = PBXResourcesBuildPhase;
			buildActionMask = 2147483647;
			files = (
			);
			runOnlyForDeploymentPostprocessing = 0;
		};
/* End PBXResourcesBuildPhase section */

/* Begin PBXShellScriptBuildPhase section */
		8F4DD27F2D79E4290044ED59 /* Swiftlint Script */ = {
			isa = PBXShellScriptBuildPhase;
			buildActionMask = 2147483647;
			files = (
			);
			inputFileListPaths = (
			);
			inputPaths = (
			);
			name = "Swiftlint Script";
			outputFileListPaths = (
			);
			outputPaths = (
			);
			runOnlyForDeploymentPostprocessing = 0;
			shellPath = /bin/sh;
			shellScript = "if command -v swiftlint >/dev/null 2>&1\nthen\n        swiftlint --autocorrect && swiftlint --fix\nelse\n    echo \"warning: `swiftlint` command not found - See https://github.com/realm/SwiftLint#installation for installation instructions.\"\nfi\n";
		};
/* End PBXShellScriptBuildPhase section */

/* Begin PBXSourcesBuildPhase section */
		8FF4830F2D7911A300260AEF /* Sources */ = {
			isa = PBXSourcesBuildPhase;
			buildActionMask = 2147483647;
			files = (
			);
			runOnlyForDeploymentPostprocessing = 0;
		};
		8FF4831F2D7911A600260AEF /* Sources */ = {
			isa = PBXSourcesBuildPhase;
			buildActionMask = 2147483647;
			files = (
			);
			runOnlyForDeploymentPostprocessing = 0;
		};
		8FF483292D7911A600260AEF /* Sources */ = {
			isa = PBXSourcesBuildPhase;
			buildActionMask = 2147483647;
			files = (
			);
			runOnlyForDeploymentPostprocessing = 0;
		};
/* End PBXSourcesBuildPhase section */

/* Begin PBXTargetDependency section */
		8FF483252D7911A600260AEF /* PBXTargetDependency */ = {
			isa = PBXTargetDependency;
			target = 8FF483122D7911A300260AEF /* FlipCam */;
			targetProxy = 8FF483242D7911A600260AEF /* PBXContainerItemProxy */;
		};
		8FF4832F2D7911A600260AEF /* PBXTargetDependency */ = {
			isa = PBXTargetDependency;
			target = 8FF483122D7911A300260AEF /* FlipCam */;
			targetProxy = 8FF4832E2D7911A600260AEF /* PBXContainerItemProxy */;
		};
/* End PBXTargetDependency section */

/* Begin XCBuildConfiguration section */
		8FF483352D7911A600260AEF /* Debug */ = {
			isa = XCBuildConfiguration;
			buildSettings = {
				ALWAYS_SEARCH_USER_PATHS = NO;
				ASSETCATALOG_COMPILER_GENERATE_SWIFT_ASSET_SYMBOL_EXTENSIONS = YES;
				CLANG_ANALYZER_NONNULL = YES;
				CLANG_ANALYZER_NUMBER_OBJECT_CONVERSION = YES_AGGRESSIVE;
				CLANG_CXX_LANGUAGE_STANDARD = "gnu++20";
				CLANG_ENABLE_MODULES = YES;
				CLANG_ENABLE_OBJC_ARC = YES;
				CLANG_ENABLE_OBJC_WEAK = YES;
				CLANG_WARN_BLOCK_CAPTURE_AUTORELEASING = YES;
				CLANG_WARN_BOOL_CONVERSION = YES;
				CLANG_WARN_COMMA = YES;
				CLANG_WARN_CONSTANT_CONVERSION = YES;
				CLANG_WARN_DEPRECATED_OBJC_IMPLEMENTATIONS = YES;
				CLANG_WARN_DIRECT_OBJC_ISA_USAGE = YES_ERROR;
				CLANG_WARN_DOCUMENTATION_COMMENTS = YES;
				CLANG_WARN_EMPTY_BODY = YES;
				CLANG_WARN_ENUM_CONVERSION = YES;
				CLANG_WARN_INFINITE_RECURSION = YES;
				CLANG_WARN_INT_CONVERSION = YES;
				CLANG_WARN_NON_LITERAL_NULL_CONVERSION = YES;
				CLANG_WARN_OBJC_IMPLICIT_RETAIN_SELF = YES;
				CLANG_WARN_OBJC_LITERAL_CONVERSION = YES;
				CLANG_WARN_OBJC_ROOT_CLASS = YES_ERROR;
				CLANG_WARN_QUOTED_INCLUDE_IN_FRAMEWORK_HEADER = YES;
				CLANG_WARN_RANGE_LOOP_ANALYSIS = YES;
				CLANG_WARN_STRICT_PROTOTYPES = YES;
				CLANG_WARN_SUSPICIOUS_MOVE = YES;
				CLANG_WARN_UNGUARDED_AVAILABILITY = YES_AGGRESSIVE;
				CLANG_WARN_UNREACHABLE_CODE = YES;
				CLANG_WARN__DUPLICATE_METHOD_MATCH = YES;
				COPY_PHASE_STRIP = NO;
				DEBUG_INFORMATION_FORMAT = dwarf;
				ENABLE_STRICT_OBJC_MSGSEND = YES;
				ENABLE_TESTABILITY = YES;
				ENABLE_USER_SCRIPT_SANDBOXING = YES;
				GCC_C_LANGUAGE_STANDARD = gnu17;
				GCC_DYNAMIC_NO_PIC = NO;
				GCC_NO_COMMON_BLOCKS = YES;
				GCC_OPTIMIZATION_LEVEL = 0;
				GCC_PREPROCESSOR_DEFINITIONS = (
					"DEBUG=1",
					"$(inherited)",
				);
				GCC_WARN_64_TO_32_BIT_CONVERSION = YES;
				GCC_WARN_ABOUT_RETURN_TYPE = YES_ERROR;
				GCC_WARN_UNDECLARED_SELECTOR = YES;
				GCC_WARN_UNINITIALIZED_AUTOS = YES_AGGRESSIVE;
				GCC_WARN_UNUSED_FUNCTION = YES;
				GCC_WARN_UNUSED_VARIABLE = YES;
				IPHONEOS_DEPLOYMENT_TARGET = 18.1;
				LOCALIZATION_PREFERS_STRING_CATALOGS = YES;
				MTL_ENABLE_DEBUG_INFO = INCLUDE_SOURCE;
				MTL_FAST_MATH = YES;
				ONLY_ACTIVE_ARCH = YES;
				SDKROOT = iphoneos;
				SWIFT_ACTIVE_COMPILATION_CONDITIONS = "DEBUG $(inherited)";
				SWIFT_OPTIMIZATION_LEVEL = "-Onone";
			};
			name = Debug;
		};
		8FF483362D7911A600260AEF /* Release */ = {
			isa = XCBuildConfiguration;
			buildSettings = {
				ALWAYS_SEARCH_USER_PATHS = NO;
				ASSETCATALOG_COMPILER_GENERATE_SWIFT_ASSET_SYMBOL_EXTENSIONS = YES;
				CLANG_ANALYZER_NONNULL = YES;
				CLANG_ANALYZER_NUMBER_OBJECT_CONVERSION = YES_AGGRESSIVE;
				CLANG_CXX_LANGUAGE_STANDARD = "gnu++20";
				CLANG_ENABLE_MODULES = YES;
				CLANG_ENABLE_OBJC_ARC = YES;
				CLANG_ENABLE_OBJC_WEAK = YES;
				CLANG_WARN_BLOCK_CAPTURE_AUTORELEASING = YES;
				CLANG_WARN_BOOL_CONVERSION = YES;
				CLANG_WARN_COMMA = YES;
				CLANG_WARN_CONSTANT_CONVERSION = YES;
				CLANG_WARN_DEPRECATED_OBJC_IMPLEMENTATIONS = YES;
				CLANG_WARN_DIRECT_OBJC_ISA_USAGE = YES_ERROR;
				CLANG_WARN_DOCUMENTATION_COMMENTS = YES;
				CLANG_WARN_EMPTY_BODY = YES;
				CLANG_WARN_ENUM_CONVERSION = YES;
				CLANG_WARN_INFINITE_RECURSION = YES;
				CLANG_WARN_INT_CONVERSION = YES;
				CLANG_WARN_NON_LITERAL_NULL_CONVERSION = YES;
				CLANG_WARN_OBJC_IMPLICIT_RETAIN_SELF = YES;
				CLANG_WARN_OBJC_LITERAL_CONVERSION = YES;
				CLANG_WARN_OBJC_ROOT_CLASS = YES_ERROR;
				CLANG_WARN_QUOTED_INCLUDE_IN_FRAMEWORK_HEADER = YES;
				CLANG_WARN_RANGE_LOOP_ANALYSIS = YES;
				CLANG_WARN_STRICT_PROTOTYPES = YES;
				CLANG_WARN_SUSPICIOUS_MOVE = YES;
				CLANG_WARN_UNGUARDED_AVAILABILITY = YES_AGGRESSIVE;
				CLANG_WARN_UNREACHABLE_CODE = YES;
				CLANG_WARN__DUPLICATE_METHOD_MATCH = YES;
				COPY_PHASE_STRIP = NO;
				DEBUG_INFORMATION_FORMAT = "dwarf-with-dsym";
				ENABLE_NS_ASSERTIONS = NO;
				ENABLE_STRICT_OBJC_MSGSEND = YES;
				ENABLE_USER_SCRIPT_SANDBOXING = YES;
				GCC_C_LANGUAGE_STANDARD = gnu17;
				GCC_NO_COMMON_BLOCKS = YES;
				GCC_WARN_64_TO_32_BIT_CONVERSION = YES;
				GCC_WARN_ABOUT_RETURN_TYPE = YES_ERROR;
				GCC_WARN_UNDECLARED_SELECTOR = YES;
				GCC_WARN_UNINITIALIZED_AUTOS = YES_AGGRESSIVE;
				GCC_WARN_UNUSED_FUNCTION = YES;
				GCC_WARN_UNUSED_VARIABLE = YES;
				IPHONEOS_DEPLOYMENT_TARGET = 18.1;
				LOCALIZATION_PREFERS_STRING_CATALOGS = YES;
				MTL_ENABLE_DEBUG_INFO = NO;
				MTL_FAST_MATH = YES;
				SDKROOT = iphoneos;
				SWIFT_COMPILATION_MODE = wholemodule;
				VALIDATE_PRODUCT = YES;
			};
			name = Release;
		};
		8FF483382D7911A600260AEF /* Debug */ = {
			isa = XCBuildConfiguration;
			buildSettings = {
				ASSETCATALOG_COMPILER_APPICON_NAME = AppIcon;
				ASSETCATALOG_COMPILER_GLOBAL_ACCENT_COLOR_NAME = AccentColor;
				CODE_SIGN_IDENTITY = "Apple Development";
				CODE_SIGN_STYLE = Automatic;
				CURRENT_PROJECT_VERSION = 1;
				DEVELOPMENT_ASSET_PATHS = "\"FlipCam/Preview Content\"";
				DEVELOPMENT_TEAM = XN354JRCK2;
				ENABLE_PREVIEWS = YES;
				ENABLE_USER_SCRIPT_SANDBOXING = NO;
				GENERATE_INFOPLIST_FILE = YES;
				INFOPLIST_FILE = FlipCam/Info.plist;
				INFOPLIST_KEY_LSApplicationCategoryType = "public.app-category.photography";
				INFOPLIST_KEY_NSCameraUsageDescription = "To capture photos.";
				INFOPLIST_KEY_NSLocationWhenInUseUsageDescription = "FlipCam uses your location to tag where photos are taken.";
				INFOPLIST_KEY_NSPhotoLibraryUsageDescription = "To save captured photos.";
				INFOPLIST_KEY_UIApplicationSceneManifest_Generation = YES;
				INFOPLIST_KEY_UIApplicationSupportsIndirectInputEvents = YES;
				INFOPLIST_KEY_UILaunchScreen_Generation = YES;
				INFOPLIST_KEY_UISupportedInterfaceOrientations = UIInterfaceOrientationPortrait;
				IPHONEOS_DEPLOYMENT_TARGET = 18.0;
				LD_RUNPATH_SEARCH_PATHS = (
					"$(inherited)",
					"@executable_path/Frameworks",
				);
				MARKETING_VERSION = 1.0;
				PRODUCT_BUNDLE_IDENTIFIER = com.astrid.FlipCam1216;
				PRODUCT_NAME = "$(TARGET_NAME)";
				PROVISIONING_PROFILE_SPECIFIER = "";
				SWIFT_EMIT_LOC_STRINGS = YES;
				SWIFT_VERSION = 5.0;
				TARGETED_DEVICE_FAMILY = "1,2";
			};
			name = Debug;
		};
		8FF483392D7911A600260AEF /* Release */ = {
			isa = XCBuildConfiguration;
			buildSettings = {
				ASSETCATALOG_COMPILER_APPICON_NAME = AppIcon;
				ASSETCATALOG_COMPILER_GLOBAL_ACCENT_COLOR_NAME = AccentColor;
				CODE_SIGN_IDENTITY = "Apple Development";
				CODE_SIGN_STYLE = Automatic;
				CURRENT_PROJECT_VERSION = 1;
				DEVELOPMENT_ASSET_PATHS = "\"FlipCam/Preview Content\"";
				DEVELOPMENT_TEAM = XN354JRCK2;
				ENABLE_PREVIEWS = YES;
				ENABLE_USER_SCRIPT_SANDBOXING = NO;
				GENERATE_INFOPLIST_FILE = YES;
				INFOPLIST_FILE = FlipCam/Info.plist;
				INFOPLIST_KEY_LSApplicationCategoryType = "public.app-category.photography";
				INFOPLIST_KEY_NSCameraUsageDescription = "To capture photos.";
				INFOPLIST_KEY_NSLocationWhenInUseUsageDescription = "FlipCam uses your location to tag where photos are taken.";
				INFOPLIST_KEY_NSPhotoLibraryUsageDescription = "To save captured photos.";
				INFOPLIST_KEY_UIApplicationSceneManifest_Generation = YES;
				INFOPLIST_KEY_UIApplicationSupportsIndirectInputEvents = YES;
				INFOPLIST_KEY_UILaunchScreen_Generation = YES;
				INFOPLIST_KEY_UISupportedInterfaceOrientations = UIInterfaceOrientationPortrait;
				IPHONEOS_DEPLOYMENT_TARGET = 18.0;
				LD_RUNPATH_SEARCH_PATHS = (
					"$(inherited)",
					"@executable_path/Frameworks",
				);
				MARKETING_VERSION = 1.0;
				PRODUCT_BUNDLE_IDENTIFIER = com.astrid.FlipCam1216;
				PRODUCT_NAME = "$(TARGET_NAME)";
				PROVISIONING_PROFILE_SPECIFIER = "";
				SWIFT_EMIT_LOC_STRINGS = YES;
				SWIFT_VERSION = 5.0;
				TARGETED_DEVICE_FAMILY = "1,2";
			};
			name = Release;
		};
		8FF4833B2D7911A600260AEF /* Debug */ = {
			isa = XCBuildConfiguration;
			buildSettings = {
				BUNDLE_LOADER = "$(TEST_HOST)";
				CODE_SIGN_STYLE = Automatic;
				CURRENT_PROJECT_VERSION = 1;
				DEVELOPMENT_TEAM = 4PZVN8HT25;
				GENERATE_INFOPLIST_FILE = YES;
				IPHONEOS_DEPLOYMENT_TARGET = 18.1;
				MARKETING_VERSION = 1.0;
				PRODUCT_BUNDLE_IDENTIFIER = com.astrid.FlipCamTests;
				PRODUCT_NAME = "$(TARGET_NAME)";
				SWIFT_EMIT_LOC_STRINGS = NO;
				SWIFT_VERSION = 5.0;
				TARGETED_DEVICE_FAMILY = "1,2";
				TEST_HOST = "$(BUILT_PRODUCTS_DIR)/FlipCam.app/$(BUNDLE_EXECUTABLE_FOLDER_PATH)/FlipCam";
			};
			name = Debug;
		};
		8FF4833C2D7911A600260AEF /* Release */ = {
			isa = XCBuildConfiguration;
			buildSettings = {
				BUNDLE_LOADER = "$(TEST_HOST)";
				CODE_SIGN_STYLE = Automatic;
				CURRENT_PROJECT_VERSION = 1;
				DEVELOPMENT_TEAM = 4PZVN8HT25;
				GENERATE_INFOPLIST_FILE = YES;
				IPHONEOS_DEPLOYMENT_TARGET = 18.1;
				MARKETING_VERSION = 1.0;
				PRODUCT_BUNDLE_IDENTIFIER = com.astrid.FlipCamTests;
				PRODUCT_NAME = "$(TARGET_NAME)";
				SWIFT_EMIT_LOC_STRINGS = NO;
				SWIFT_VERSION = 5.0;
				TARGETED_DEVICE_FAMILY = "1,2";
				TEST_HOST = "$(BUILT_PRODUCTS_DIR)/FlipCam.app/$(BUNDLE_EXECUTABLE_FOLDER_PATH)/FlipCam";
			};
			name = Release;
		};
		8FF4833E2D7911A600260AEF /* Debug */ = {
			isa = XCBuildConfiguration;
			buildSettings = {
				CODE_SIGN_STYLE = Automatic;
				CURRENT_PROJECT_VERSION = 1;
				DEVELOPMENT_TEAM = 4PZVN8HT25;
				GENERATE_INFOPLIST_FILE = YES;
				MARKETING_VERSION = 1.0;
				PRODUCT_BUNDLE_IDENTIFIER = com.astrid.FlipCamUITests;
				PRODUCT_NAME = "$(TARGET_NAME)";
				SWIFT_EMIT_LOC_STRINGS = NO;
				SWIFT_VERSION = 5.0;
				TARGETED_DEVICE_FAMILY = "1,2";
				TEST_TARGET_NAME = FlipCam;
			};
			name = Debug;
		};
		8FF4833F2D7911A600260AEF /* Release */ = {
			isa = XCBuildConfiguration;
			buildSettings = {
				CODE_SIGN_STYLE = Automatic;
				CURRENT_PROJECT_VERSION = 1;
				DEVELOPMENT_TEAM = 4PZVN8HT25;
				GENERATE_INFOPLIST_FILE = YES;
				MARKETING_VERSION = 1.0;
				PRODUCT_BUNDLE_IDENTIFIER = com.astrid.FlipCamUITests;
				PRODUCT_NAME = "$(TARGET_NAME)";
				SWIFT_EMIT_LOC_STRINGS = NO;
				SWIFT_VERSION = 5.0;
				TARGETED_DEVICE_FAMILY = "1,2";
				TEST_TARGET_NAME = FlipCam;
			};
			name = Release;
		};
/* End XCBuildConfiguration section */

/* Begin XCConfigurationList section */
		8FF4830E2D7911A300260AEF /* Build configuration list for PBXProject "FlipCam" */ = {
			isa = XCConfigurationList;
			buildConfigurations = (
				8FF483352D7911A600260AEF /* Debug */,
				8FF483362D7911A600260AEF /* Release */,
			);
			defaultConfigurationIsVisible = 0;
			defaultConfigurationName = Release;
		};
		8FF483372D7911A600260AEF /* Build configuration list for PBXNativeTarget "FlipCam" */ = {
			isa = XCConfigurationList;
			buildConfigurations = (
				8FF483382D7911A600260AEF /* Debug */,
				8FF483392D7911A600260AEF /* Release */,
			);
			defaultConfigurationIsVisible = 0;
			defaultConfigurationName = Release;
		};
		8FF4833A2D7911A600260AEF /* Build configuration list for PBXNativeTarget "FlipCamTests" */ = {
			isa = XCConfigurationList;
			buildConfigurations = (
				8FF4833B2D7911A600260AEF /* Debug */,
				8FF4833C2D7911A600260AEF /* Release */,
			);
			defaultConfigurationIsVisible = 0;
			defaultConfigurationName = Release;
		};
		8FF4833D2D7911A600260AEF /* Build configuration list for PBXNativeTarget "FlipCamUITests" */ = {
			isa = XCConfigurationList;
			buildConfigurations = (
				8FF4833E2D7911A600260AEF /* Debug */,
				8FF4833F2D7911A600260AEF /* Release */,
			);
			defaultConfigurationIsVisible = 0;
			defaultConfigurationName = Release;
		};
/* End XCConfigurationList section */

/* Begin XCRemoteSwiftPackageReference section */
		8F4DD27E2D79E2970044ED59 /* XCRemoteSwiftPackageReference "SwiftLint" */ = {
			isa = XCRemoteSwiftPackageReference;
			repositoryURL = "https://github.com/realm/SwiftLint";
			requirement = {
				kind = exactVersion;
				version = 0.58.2;
			};
		};
/* End XCRemoteSwiftPackageReference section */
	};
	rootObject = 8FF4830B2D7911A300260AEF /* Project object */;
}
